
Microsoft Visual Studio Solution File, Format Version 12.00
# Visual Studio Version 17
VisualStudioVersion = 17.0.32126.317
MinimumVisualStudioVersion = 10.0.40219.1
Project("{FAE04EC0-301F-11D3-BF4B-00C04F79EFBC}") = "NoSQLvsRelational", "NoSQLvsRelational\NoSQLvsRelational.csproj", "{DB64F800-0C78-4B39-A5FB-788449FBF3A8}"
EndProject
Global
	GlobalSection(SolutionConfigurationPlatforms) = preSolution
		Debug|Any CPU = Debug|Any CPU
		Release|Any CPU = Release|Any CPU
	EndGlobalSection
	GlobalSection(ProjectConfigurationPlatforms) = postSolution
		{DB64F800-0C78-4B39-A5FB-788449FBF3A8}.Debug|Any CPU.ActiveCfg = Debug|Any CPU
		{DB64F800-0C78-4B39-A5FB-788449FBF3A8}.Debug|Any CPU.Build.0 = Debug|Any CPU
		{DB64F800-0C78-4B39-A5FB-788449FBF3A8}.Release|Any CPU.ActiveCfg = Release|Any CPU
		{DB64F800-0C78-4B39-A5FB-788449FBF3A8}.Release|Any CPU.Build.0 = Release|Any CPU
	EndGlobalSection
	GlobalSection(SolutionProperties) = preSolution
		HideSolutionNode = FALSE
	EndGlobalSection
	GlobalSection(ExtensibilityGlobals) = postSolution
		SolutionGuid = {37237C1A-4C46-4548-AA49-D630C3D4F034}
	EndGlobalSection
EndGlobal
